{
  "nodes": {
    "flake-compat": {
      "flake": false,
      "locked": {
        "lastModified": 1696426674,
        "narHash": "sha256-kvjfFW7WAETZlt09AgDn1MrtKzP7t90Vf7vypd3OL1U=",
        "owner": "edolstra",
        "repo": "flake-compat",
        "rev": "0f9255e01c2351cc7d116c072cb317785dd33b33",
        "type": "github"
      },
      "original": {
        "owner": "edolstra",
        "repo": "flake-compat",
        "type": "github"
      }
    },
    "flake-utils": {
      "inputs": {
        "systems": "systems"
      },
      "locked": {
        "lastModified": 1710146030,
        "narHash": "sha256-SZ5L6eA7HJ/nmkzGG7/ISclqe6oZdOZTNoesiInkXPQ=",
        "owner": "numtide",
        "repo": "flake-utils",
        "rev": "b1d9ab70662946ef0850d488da1c9019f3a9752a",
        "type": "github"
      },
      "original": {
        "owner": "numtide",
        "repo": "flake-utils",
        "type": "github"
      }
    },
    "hardware": {
      "locked": {
        "lastModified": 1712324865,
        "narHash": "sha256-+BatEWd4HlMeK7Ora+gYIkarjxFVCg9oKrIeybHIIX4=",
        "owner": "nixos",
        "repo": "nixos-hardware",
        "rev": "f3b959627bca46a9f7052b8fbc464b8323e68c2c",
        "type": "github"
      },
      "original": {
        "owner": "nixos",
        "repo": "nixos-hardware",
        "type": "github"
      }
    },
    "home-manager": {
      "inputs": {
        "nixpkgs": [
          "nixpkgs"
        ]
      },
      "locked": {
        "lastModified": 1712386041,
        "narHash": "sha256-dA82pOMQNnCJMAsPG7AXG35VmCSMZsJHTFlTHizpKWQ=",
        "owner": "nix-community",
        "repo": "home-manager",
        "rev": "d6bb9f934f2870e5cbc5b94c79e9db22246141ff",
        "type": "github"
      },
      "original": {
        "owner": "nix-community",
        "ref": "release-23.11",
        "repo": "home-manager",
        "type": "github"
      }
    },
    "nix-flatpak": {
      "locked": {
        "lastModified": 1711997201,
        "narHash": "sha256-J71xzQlVYsjagA4AsVwRazhBh2rZrPpKvxTgs6UzL7c=",
        "owner": "gmodena",
        "repo": "nix-flatpak",
        "rev": "b76fa31346db7fc958a9898f3c594696ca71c4fd",
        "type": "github"
      },
      "original": {
        "owner": "gmodena",
        "ref": "v0.4.1",
        "repo": "nix-flatpak",
        "type": "github"
      }
    },
    "nix-vscode-extensions": {
      "inputs": {
        "flake-compat": "flake-compat",
        "flake-utils": "flake-utils",
        "nixpkgs": "nixpkgs"
      },
      "locked": {
        "lastModified": 1712580452,
        "narHash": "sha256-X1LjMY8wpnflD2nq7GuYxTichyWR9qxw8eGmzyEW4h8=",
        "owner": "nix-community",
        "repo": "nix-vscode-extensions",
        "rev": "5041ca76d6c80d057673e5202fa4167f81202391",
        "type": "github"
      },
      "original": {
        "owner": "nix-community",
        "repo": "nix-vscode-extensions",
        "type": "github"
      }
    },
    "nixpkgs": {
      "locked": {
        "lastModified": 1712222121,
        "narHash": "sha256-8f3glF4uwsPlDvaKDRgXD9xGe4YoCH4jA8ICxy/NbCo=",
        "owner": "NixOS",
        "repo": "nixpkgs",
        "rev": "23ff7d9dc4f3d553939e7bfe0d2667198f993536",
        "type": "github"
      },
      "original": {
        "owner": "NixOS",
        "ref": "nixpkgs-unstable",
        "repo": "nixpkgs",
        "type": "github"
      }
    },
    "nixpkgs_2": {
      "locked": {
        "lastModified": 1712437997,
        "narHash": "sha256-g0whLLwRvgO2FsyhY8fNk+TWenS3jg5UdlWL4uqgFeo=",
        "owner": "nixos",
        "repo": "nixpkgs",
        "rev": "e38d7cb66ea4f7a0eb6681920615dfcc30fc2920",
        "type": "github"
      },
      "original": {
        "owner": "nixos",
        "ref": "nixos-23.11",
        "repo": "nixpkgs",
        "type": "github"
      }
    },
    "nurpkgs": {
      "locked": {
        "lastModified": 1712540464,
        "narHash": "sha256-Dz9NfOzAQ6N/dCTR7n94T4F2atq1Cln1ubuZ42I3XBI=",
        "owner": "nix-community",
        "repo": "NUR",
        "rev": "77c8115aa553f43a25538b3a78a39bbce0fbc8d2",
        "type": "github"
      },
      "original": {
        "owner": "nix-community",
        "repo": "NUR",
        "type": "github"
      }
    },
    "plasma-manager": {
      "inputs": {
        "home-manager": [
          "home-manager"
        ],
        "nixpkgs": [
          "nixpkgs"
        ]
      },
      "locked": {
        "lastModified": 1712484920,
        "narHash": "sha256-wNwv12U/QYYgZanycZ32A41cEDa2zPwYuMKK6AJYNJk=",
        "owner": "pjones",
        "repo": "plasma-manager",
        "rev": "4b127a5ede004f5c6d7c41938c2986b599dc0bf3",
        "type": "github"
      },
      "original": {
        "owner": "pjones",
        "repo": "plasma-manager",
        "type": "github"
      }
    },
    "root": {
      "inputs": {
        "hardware": "hardware",
        "home-manager": "home-manager",
        "nix-flatpak": "nix-flatpak",
        "nix-vscode-extensions": "nix-vscode-extensions",
        "nixpkgs": "nixpkgs_2",
        "nurpkgs": "nurpkgs",
        "plasma-manager": "plasma-manager"
      }
    },
    "systems": {
      "locked": {
        "lastModified": 1681028828,
        "narHash": "sha256-Vy1rq5AaRuLzOxct8nz4T6wlgyUR7zLU309k9mBC768=",
        "owner": "nix-systems",
        "repo": "default",
        "rev": "da67096a3b9bf56a91d16901293e51ba5b49a27e",
        "type": "github"
      },
      "original": {
        "owner": "nix-systems",
        "repo": "default",
        "type": "github"
      }
    }
  },
  "root": "root",
  "version": 7
}
